
Microsoft Visual Studio Solution File, Format Version 12.00
# Visual Studio Version 16
VisualStudioVersion = 16.0.30611.23
MinimumVisualStudioVersion = 10.0.40219.1
Project("{FAE04EC0-301F-11D3-BF4B-00C04F79EFBC}") = "Project", "Project\Project.csproj", "{237E7C15-8DCD-41A9-BD9F-DBD97B1F8548}"
EndProject
Global
	GlobalSection(SolutionConfigurationPlatforms) = preSolution
		Debug|Any CPU = Debug|Any CPU
		Release|Any CPU = Release|Any CPU
	EndGlobalSection
	GlobalSection(ProjectConfigurationPlatforms) = postSolution
		{237E7C15-8DCD-41A9-BD9F-DBD97B1F8548}.Debug|Any CPU.ActiveCfg = Debug|Any CPU
		{237E7C15-8DCD-41A9-BD9F-DBD97B1F8548}.Debug|Any CPU.Build.0 = Debug|Any CPU
		{237E7C15-8DCD-41A9-BD9F-DBD97B1F8548}.Release|Any CPU.ActiveCfg = Release|Any CPU
		{237E7C15-8DCD-41A9-BD9F-DBD97B1F8548}.Release|Any CPU.Build.0 = Release|Any CPU
	EndGlobalSection
	GlobalSection(SolutionProperties) = preSolution
		HideSolutionNode = FALSE
	EndGlobalSection
	GlobalSection(ExtensibilityGlobals) = postSolution
		SolutionGuid = {C3D45B7B-94BF-4727-8F2B-BB2232DFB670}
	EndGlobalSection
EndGlobal
